
Microsoft Visual Studio Solution File, Format Version 12.00
# Visual Studio Version 17
VisualStudioVersion = 17.11.35312.102
MinimumVisualStudioVersion = 10.0.40219.1
Project("{FAE04EC0-301F-11D3-BF4B-00C04F79EFBC}") = "Abfahrtstafel", "Abfahrtstafel.csproj", "{D45DEA2C-F303-4ACD-99C3-95F3AF517188}"
EndProject
Project("{2150E333-8FDC-42A3-9474-1A3956D46DE8}") = "Projektmappenelemente", "Projektmappenelemente", "{121B73E3-68D0-4C50-BDC8-671486C2174B}"
	ProjectSection(SolutionItems) = preProject
		.gitignore = .gitignore
	EndProjectSection
EndProject
Global
	GlobalSection(SolutionConfigurationPlatforms) = preSolution
		Debug|Any CPU = Debug|Any CPU
		Release|Any CPU = Release|Any CPU
	EndGlobalSection
	GlobalSection(ProjectConfigurationPlatforms) = postSolution
		{D45DEA2C-F303-4ACD-99C3-95F3AF517188}.Debug|Any CPU.ActiveCfg = Debug|Any CPU
		{D45DEA2C-F303-4ACD-99C3-95F3AF517188}.Debug|Any CPU.Build.0 = Debug|Any CPU
		{D45DEA2C-F303-4ACD-99C3-95F3AF517188}.Release|Any CPU.ActiveCfg = Release|Any CPU
		{D45DEA2C-F303-4ACD-99C3-95F3AF517188}.Release|Any CPU.Build.0 = Release|Any CPU
	EndGlobalSection
	GlobalSection(SolutionProperties) = preSolution
		HideSolutionNode = FALSE
	EndGlobalSection
	GlobalSection(ExtensibilityGlobals) = postSolution
		SolutionGuid = {B1C5D71F-4B9B-4D4F-991F-BAE419D84A84}
	EndGlobalSection
EndGlobal
